# This file is automatically @generated by Cargo.
# It is not intended for manual editing.
version = 3

[[package]]
name = "autocfg"
version = "1.1.0"
source = "registry+https://github.com/rust-lang/crates.io-index"
checksum = "d468802bab17cbc0cc575e9b053f41e72aa36bfa6b7f55e3529ffa43161b97fa"

[[package]]
name = "counter"
version = "0.5.3"
source = "registry+https://github.com/rust-lang/crates.io-index"
checksum = "878793089e7b461e0f316f45eb6d12ef73c0e5ec5194d372617eb47bb61a85ed"
dependencies = [
 "num-traits",
]

[[package]]
name = "day_17"
version = "0.1.0"
dependencies = [
 "counter",
]

[[package]]
name = "num-traits"
version = "0.2.14"
source = "registry+https://github.com/rust-lang/crates.io-index"
checksum = "9a64b1ec5cda2586e284722486d802acf1f7dbdc623e2bfc57e65ca1cd099290"
dependencies = [
 "autocfg",
]
